
Microsoft Visual Studio Solution File, Format Version 12.00
# Visual Studio Version 16
VisualStudioVersion = 16.0.32002.261
MinimumVisualStudioVersion = 10.0.40219.1
Project("{FAE04EC0-301F-11D3-BF4B-00C04F79EFBC}") = "CollectionsChallenge", "CollectionsChallenge\CollectionsChallenge.csproj", "{50A35252-5071-4511-8B89-0F0E6B36D476}"
EndProject
Global
	GlobalSection(SolutionConfigurationPlatforms) = preSolution
		Debug|Any CPU = Debug|Any CPU
		Release|Any CPU = Release|Any CPU
	EndGlobalSection
	GlobalSection(ProjectConfigurationPlatforms) = postSolution
		{50A35252-5071-4511-8B89-0F0E6B36D476}.Debug|Any CPU.ActiveCfg = Debug|Any CPU
		{50A35252-5071-4511-8B89-0F0E6B36D476}.Debug|Any CPU.Build.0 = Debug|Any CPU
		{50A35252-5071-4511-8B89-0F0E6B36D476}.Release|Any CPU.ActiveCfg = Release|Any CPU
		{50A35252-5071-4511-8B89-0F0E6B36D476}.Release|Any CPU.Build.0 = Release|Any CPU
	EndGlobalSection
	GlobalSection(SolutionProperties) = preSolution
		HideSolutionNode = FALSE
	EndGlobalSection
	GlobalSection(ExtensibilityGlobals) = postSolution
		SolutionGuid = {110D92AB-A68F-43DD-984B-08790BEF40FD}
	EndGlobalSection
EndGlobal
