
Microsoft Visual Studio Solution File, Format Version 12.00
# Visual Studio Version 16
VisualStudioVersion = 16.0.32002.261
MinimumVisualStudioVersion = 10.0.40219.1
Project("{FAE04EC0-301F-11D3-BF4B-00C04F79EFBC}") = "Dictonaries", "Dictonaries\Dictonaries.csproj", "{0E80FD1D-F4D7-40C1-97CB-43D49A78439F}"
EndProject
Global
	GlobalSection(SolutionConfigurationPlatforms) = preSolution
		Debug|Any CPU = Debug|Any CPU
		Release|Any CPU = Release|Any CPU
	EndGlobalSection
	GlobalSection(ProjectConfigurationPlatforms) = postSolution
		{0E80FD1D-F4D7-40C1-97CB-43D49A78439F}.Debug|Any CPU.ActiveCfg = Debug|Any CPU
		{0E80FD1D-F4D7-40C1-97CB-43D49A78439F}.Debug|Any CPU.Build.0 = Debug|Any CPU
		{0E80FD1D-F4D7-40C1-97CB-43D49A78439F}.Release|Any CPU.ActiveCfg = Release|Any CPU
		{0E80FD1D-F4D7-40C1-97CB-43D49A78439F}.Release|Any CPU.Build.0 = Release|Any CPU
	EndGlobalSection
	GlobalSection(SolutionProperties) = preSolution
		HideSolutionNode = FALSE
	EndGlobalSection
	GlobalSection(ExtensibilityGlobals) = postSolution
		SolutionGuid = {24E80207-076C-4CDA-A2FC-6235DD05CFC1}
	EndGlobalSection
EndGlobal
