
Microsoft Visual Studio Solution File, Format Version 12.00
# Visual Studio Version 16
VisualStudioVersion = 16.0.32002.261
MinimumVisualStudioVersion = 10.0.40219.1
Project("{FAE04EC0-301F-11D3-BF4B-00C04F79EFBC}") = "Arrays", "Arrays\Arrays.csproj", "{51C5D6E7-3D09-4E6C-8F19-0C5DF721D15E}"
EndProject
Global
	GlobalSection(SolutionConfigurationPlatforms) = preSolution
		Debug|Any CPU = Debug|Any CPU
		Release|Any CPU = Release|Any CPU
	EndGlobalSection
	GlobalSection(ProjectConfigurationPlatforms) = postSolution
		{51C5D6E7-3D09-4E6C-8F19-0C5DF721D15E}.Debug|Any CPU.ActiveCfg = Debug|Any CPU
		{51C5D6E7-3D09-4E6C-8F19-0C5DF721D15E}.Debug|Any CPU.Build.0 = Debug|Any CPU
		{51C5D6E7-3D09-4E6C-8F19-0C5DF721D15E}.Release|Any CPU.ActiveCfg = Release|Any CPU
		{51C5D6E7-3D09-4E6C-8F19-0C5DF721D15E}.Release|Any CPU.Build.0 = Release|Any CPU
	EndGlobalSection
	GlobalSection(SolutionProperties) = preSolution
		HideSolutionNode = FALSE
	EndGlobalSection
	GlobalSection(ExtensibilityGlobals) = postSolution
		SolutionGuid = {001460EF-07FF-4C61-BA02-D1E18BC41A43}
	EndGlobalSection
EndGlobal
